// !$*UTF8*$!
{
	archiveVersion = 1;
	classes = {
	};
	objectVersion = 46;
	objects = {

/* Begin PBXBuildFile section */
		8F50E5491DA3E195007C356F /* AppDelegate.swift in Sources */ = {isa = PBXBuildFile; fileRef = 8F50E5481DA3E195007C356F /* AppDelegate.swift */; };
		8F50E54B1DA3E195007C356F /* ViewController.swift in Sources */ = {isa = PBXBuildFile; fileRef = 8F50E54A1DA3E195007C356F /* ViewController.swift */; };
		8F50E54E1DA3E195007C356F /* Main.storyboard in Resources */ = {isa = PBXBuildFile; fileRef = 8F50E54C1DA3E195007C356F /* Main.storyboard */; };
		8F50E5501DA3E195007C356F /* Assets.xcassets in Resources */ = {isa = PBXBuildFile; fileRef = 8F50E54F1DA3E195007C356F /* Assets.xcassets */; };
		8F50E5531DA3E195007C356F /* LaunchScreen.storyboard in Resources */ = {isa = PBXBuildFile; fileRef = 8F50E5511DA3E195007C356F /* LaunchScreen.storyboard */; };
		FAFD0F65B04A52DB4F4C3031 /* Pods_MMMSwiftAppUpdater.framework in Frameworks */ = {isa = PBXBuildFile; fileRef = 0087BDBD5BC8E2F542193194 /* Pods_MMMSwiftAppUpdater.framework */; };
/* End PBXBuildFile section */

/* Begin PBXFileReference section */
		0087BDBD5BC8E2F542193194 /* Pods_MMMSwiftAppUpdater.framework */ = {isa = PBXFileReference; explicitFileType = wrapper.framework; includeInIndex = 0; path = Pods_MMMSwiftAppUpdater.framework; sourceTree = BUILT_PRODUCTS_DIR; };
		8F50E5451DA3E195007C356F /* MMMSwiftAppUpdater.app */ = {isa = PBXFileReference; explicitFileType = wrapper.application; includeInIndex = 0; path = MMMSwiftAppUpdater.app; sourceTree = BUILT_PRODUCTS_DIR; };
		8F50E5481DA3E195007C356F /* AppDelegate.swift */ = {isa = PBXFileReference; lastKnownFileType = sourcecode.swift; path = AppDelegate.swift; sourceTree = "<group>"; };
		8F50E54A1DA3E195007C356F /* ViewController.swift */ = {isa = PBXFileReference; lastKnownFileType = sourcecode.swift; path = ViewController.swift; sourceTree = "<group>"; };
		8F50E54D1DA3E195007C356F /* Base */ = {isa = PBXFileReference; lastKnownFileType = file.storyboard; name = Base; path = Base.lproj/Main.storyboard; sourceTree = "<group>"; };
		8F50E54F1DA3E195007C356F /* Assets.xcassets */ = {isa = PBXFileReference; lastKnownFileType = folder.assetcatalog; path = Assets.xcassets; sourceTree = "<group>"; };
		8F50E5521DA3E195007C356F /* Base */ = {isa = PBXFileReference; lastKnownFileType = file.storyboard; name = Base; path = Base.lproj/LaunchScreen.storyboard; sourceTree = "<group>"; };
		8F50E5541DA3E195007C356F /* Info.plist */ = {isa = PBXFileReference; lastKnownFileType = text.plist.xml; path = Info.plist; sourceTree = "<group>"; };
		DACBD7AF4CB46F50B0D854AD /* Pods-MMMSwiftAppUpdater.release.xcconfig */ = {isa = PBXFileReference; includeInIndex = 1; lastKnownFileType = text.xcconfig; name = "Pods-MMMSwiftAppUpdater.release.xcconfig"; path = "Pods/Target Support Files/Pods-MMMSwiftAppUpdater/Pods-MMMSwiftAppUpdater.release.xcconfig"; sourceTree = "<group>"; };
		F16FDC2C6EB9036937F1499F /* Pods-MMMSwiftAppUpdater.debug.xcconfig */ = {isa = PBXFileReference; includeInIndex = 1; lastKnownFileType = text.xcconfig; name = "Pods-MMMSwiftAppUpdater.debug.xcconfig"; path = "Pods/Target Support Files/Pods-MMMSwiftAppUpdater/Pods-MMMSwiftAppUpdater.debug.xcconfig"; sourceTree = "<group>"; };
/* End PBXFileReference section */

/* Begin PBXFrameworksBuildPhase section */
		8F50E5421DA3E195007C356F /* Frameworks */ = {
			isa = PBXFrameworksBuildPhase;
			buildActionMask = 2147483647;
			files = (
				FAFD0F65B04A52DB4F4C3031 /* Pods_MMMSwiftAppUpdater.framework in Frameworks */,
			);
			runOnlyForDeploymentPostprocessing = 0;
		};
/* End PBXFrameworksBuildPhase section */

/* Begin PBXGroup section */
		13E122CE60B635D528067C5F /* Frameworks */ = {
			isa = PBXGroup;
			children = (
				0087BDBD5BC8E2F542193194 /* Pods_MMMSwiftAppUpdater.framework */,
			);
			name = Frameworks;
			sourceTree = "<group>";
		};
		36BC54B50C2F71B5B3ACBAC6 /* Pods */ = {
			isa = PBXGroup;
			children = (
				F16FDC2C6EB9036937F1499F /* Pods-MMMSwiftAppUpdater.debug.xcconfig */,
				DACBD7AF4CB46F50B0D854AD /* Pods-MMMSwiftAppUpdater.release.xcconfig */,
			);
			name = Pods;
			sourceTree = "<group>";
		};
		8F50E53C1DA3E195007C356F = {
			isa = PBXGroup;
			children = (
				8F50E5471DA3E195007C356F /* MMMSwiftAppUpdater */,
				8F50E5461DA3E195007C356F /* Products */,
				36BC54B50C2F71B5B3ACBAC6 /* Pods */,
				13E122CE60B635D528067C5F /* Frameworks */,
			);
			sourceTree = "<group>";
		};
		8F50E5461DA3E195007C356F /* Products */ = {
			isa = PBXGroup;
			children = (
				8F50E5451DA3E195007C356F /* MMMSwiftAppUpdater.app */,
			);
			name = Products;
			sourceTree = "<group>";
		};
		8F50E5471DA3E195007C356F /* MMMSwiftAppUpdater */ = {
			isa = PBXGroup;
			children = (
				8F50E5481DA3E195007C356F /* AppDelegate.swift */,
				8F50E54A1DA3E195007C356F /* ViewController.swift */,
				8F50E54C1DA3E195007C356F /* Main.storyboard */,
				8F50E54F1DA3E195007C356F /* Assets.xcassets */,
				8F50E5511DA3E195007C356F /* LaunchScreen.storyboard */,
				8F50E5541DA3E195007C356F /* Info.plist */,
			);
			path = MMMSwiftAppUpdater;
			sourceTree = "<group>";
		};
/* End PBXGroup section */

/* Begin PBXNativeTarget section */
		8F50E5441DA3E195007C356F /* MMMSwiftAppUpdater */ = {
			isa = PBXNativeTarget;
			buildConfigurationList = 8F50E5571DA3E195007C356F /* Build configuration list for PBXNativeTarget "MMMSwiftAppUpdater" */;
			buildPhases = (
				747EBFC7D3EC496FCA2A734E /* [CP] Check Pods Manifest.lock */,
				8F50E5411DA3E195007C356F /* Sources */,
				8F50E5421DA3E195007C356F /* Frameworks */,
				8F50E5431DA3E195007C356F /* Resources */,
				10C12D730E86F1D318A5BEC3 /* [CP] Embed Pods Frameworks */,
				D91AF584FCF15DEBA40DB453 /* [CP] Copy Pods Resources */,
			);
			buildRules = (
			);
			dependencies = (
			);
			name = MMMSwiftAppUpdater;
			productName = MMMSwiftAppUpdater;
			productReference = 8F50E5451DA3E195007C356F /* MMMSwiftAppUpdater.app */;
			productType = "com.apple.product-type.application";
		};
/* End PBXNativeTarget section */

/* Begin PBXProject section */
		8F50E53D1DA3E195007C356F /* Project object */ = {
			isa = PBXProject;
			attributes = {
				LastSwiftUpdateCheck = 0730;
				LastUpgradeCheck = 0730;
				ORGANIZATIONNAME = "Martin Pilch";
				TargetAttributes = {
					8F50E5441DA3E195007C356F = {
						CreatedOnToolsVersion = 7.3.1;
					};
				};
			};
			buildConfigurationList = 8F50E5401DA3E195007C356F /* Build configuration list for PBXProject "MMMSwiftAppUpdater" */;
			compatibilityVersion = "Xcode 3.2";
			developmentRegion = English;
			hasScannedForEncodings = 0;
			knownRegions = (
				en,
				Base,
			);
			mainGroup = 8F50E53C1DA3E195007C356F;
			productRefGroup = 8F50E5461DA3E195007C356F /* Products */;
			projectDirPath = "";
			projectRoot = "";
			targets = (
				8F50E5441DA3E195007C356F /* MMMSwiftAppUpdater */,
			);
		};
/* End PBXProject section */

/* Begin PBXResourcesBuildPhase section */
		8F50E5431DA3E195007C356F /* Resources */ = {
			isa = PBXResourcesBuildPhase;
			buildActionMask = 2147483647;
			files = (
				8F50E5531DA3E195007C356F /* LaunchScreen.storyboard in Resources */,
				8F50E5501DA3E195007C356F /* Assets.xcassets in Resources */,
				8F50E54E1DA3E195007C356F /* Main.storyboard in Resources */,
			);
			runOnlyForDeploymentPostprocessing = 0;
		};
/* End PBXResourcesBuildPhase section */

/* Begin PBXShellScriptBuildPhase section */
		10C12D730E86F1D318A5BEC3 /* [CP] Embed Pods Frameworks */ = {
			isa = PBXShellScriptBuildPhase;
			buildActionMask = 2147483647;
			files = (
			);
			inputPaths = (
			);
			name = "[CP] Embed Pods Frameworks";
			outputPaths = (
			);
			runOnlyForDeploymentPostprocessing = 0;
			shellPath = /bin/sh;
			shellScript = "\"${SRCROOT}/Pods/Target Support Files/Pods-MMMSwiftAppUpdater/Pods-MMMSwiftAppUpdater-frameworks.sh\"\n";
			showEnvVarsInLog = 0;
		};
		747EBFC7D3EC496FCA2A734E /* [CP] Check Pods Manifest.lock */ = {
			isa = PBXShellScriptBuildPhase;
			buildActionMask = 2147483647;
			files = (
			);
			inputPaths = (
			);
			name = "[CP] Check Pods Manifest.lock";
			outputPaths = (
			);
			runOnlyForDeploymentPostprocessing = 0;
			shellPath = /bin/sh;
			shellScript = "diff \"${PODS_ROOT}/../Podfile.lock\" \"${PODS_ROOT}/Manifest.lock\" > /dev/null\nif [[ $? != 0 ]] ; then\n    cat << EOM\nerror: The sandbox is not in sync with the Podfile.lock. Run 'pod install' or update your CocoaPods installation.\nEOM\n    exit 1\nfi\n";
			showEnvVarsInLog = 0;
		};
		D91AF584FCF15DEBA40DB453 /* [CP] Copy Pods Resources */ = {
			isa = PBXShellScriptBuildPhase;
			buildActionMask = 2147483647;
			files = (
			);
			inputPaths = (
			);
			name = "[CP] Copy Pods Resources";
			outputPaths = (
			);
			runOnlyForDeploymentPostprocessing = 0;
			shellPath = /bin/sh;
			shellScript = "\"${SRCROOT}/Pods/Target Support Files/Pods-MMMSwiftAppUpdater/Pods-MMMSwiftAppUpdater-resources.sh\"\n";
			showEnvVarsInLog = 0;
		};
/* End PBXShellScriptBuildPhase section */

/* Begin PBXSourcesBuildPhase section */
		8F50E5411DA3E195007C356F /* Sources */ = {
			isa = PBXSourcesBuildPhase;
			buildActionMask = 2147483647;
			files = (
				8F50E54B1DA3E195007C356F /* ViewController.swift in Sources */,
				8F50E5491DA3E195007C356F /* AppDelegate.swift in Sources */,
			);
			runOnlyForDeploymentPostprocessing = 0;
		};
/* End PBXSourcesBuildPhase section */

/* Begin PBXVariantGroup section */
		8F50E54C1DA3E195007C356F /* Main.storyboard */ = {
			isa = PBXVariantGroup;
			children = (
				8F50E54D1DA3E195007C356F /* Base */,
			);
			name = Main.storyboard;
			sourceTree = "<group>";
		};
		8F50E5511DA3E195007C356F /* LaunchScreen.storyboard */ = {
			isa = PBXVariantGroup;
			children = (
				8F50E5521DA3E195007C356F /* Base */,
			);
			name = LaunchScreen.storyboard;
			sourceTree = "<group>";
		};
/* End PBXVariantGroup section */

/* Begin XCBuildConfiguration section */
		8F50E5551DA3E195007C356F /* Debug */ = {
			isa = XCBuildConfiguration;
			buildSettings = {
				ALWAYS_SEARCH_USER_PATHS = NO;
				CLANG_ANALYZER_NONNULL = YES;
				CLANG_CXX_LANGUAGE_STANDARD = "gnu++0x";
				CLANG_CXX_LIBRARY = "libc++";
				CLANG_ENABLE_MODULES = YES;
				CLANG_ENABLE_OBJC_ARC = YES;
				CLANG_WARN_BOOL_CONVERSION = YES;
				CLANG_WARN_CONSTANT_CONVERSION = YES;
				CLANG_WARN_DIRECT_OBJC_ISA_USAGE = YES_ERROR;
				CLANG_WARN_EMPTY_BODY = YES;
				CLANG_WARN_ENUM_CONVERSION = YES;
				CLANG_WARN_INT_CONVERSION = YES;
				CLANG_WARN_OBJC_ROOT_CLASS = YES_ERROR;
				CLANG_WARN_UNREACHABLE_CODE = YES;
				CLANG_WARN__DUPLICATE_METHOD_MATCH = YES;
				"CODE_SIGN_IDENTITY[sdk=iphoneos*]" = "iPhone Developer";
				COPY_PHASE_STRIP = NO;
				DEBUG_INFORMATION_FORMAT = dwarf;
				ENABLE_STRICT_OBJC_MSGSEND = YES;
				ENABLE_TESTABILITY = YES;
				GCC_C_LANGUAGE_STANDARD = gnu99;
				GCC_DYNAMIC_NO_PIC = NO;
				GCC_NO_COMMON_BLOCKS = YES;
				GCC_OPTIMIZATION_LEVEL = 0;
				GCC_PREPROCESSOR_DEFINITIONS = (
					"DEBUG=1",
					"$(inherited)",
				);
				GCC_WARN_64_TO_32_BIT_CONVERSION = YES;
				GCC_WARN_ABOUT_RETURN_TYPE = YES_ERROR;
				GCC_WARN_UNDECLARED_SELECTOR = YES;
				GCC_WARN_UNINITIALIZED_AUTOS = YES_AGGRESSIVE;
				GCC_WARN_UNUSED_FUNCTION = YES;
				GCC_WARN_UNUSED_VARIABLE = YES;
				IPHONEOS_DEPLOYMENT_TARGET = 9.3;
				MTL_ENABLE_DEBUG_INFO = YES;
				ONLY_ACTIVE_ARCH = YES;
				SDKROOT = iphoneos;
				SWIFT_OPTIMIZATION_LEVEL = "-Onone";
				TARGETED_DEVICE_FAMILY = "1,2";
			};
			name = Debug;
		};
		8F50E5561DA3E195007C356F /* Release */ = {
			isa = XCBuildConfiguration;
			buildSettings = {
				ALWAYS_SEARCH_USER_PATHS = NO;
				CLANG_ANALYZER_NONNULL = YES;
				CLANG_CXX_LANGUAGE_STANDARD = "gnu++0x";
				CLANG_CXX_LIBRARY = "libc++";
				CLANG_ENABLE_MODULES = YES;
				CLANG_ENABLE_OBJC_ARC = YES;
				CLANG_WARN_BOOL_CONVERSION = YES;
				CLANG_WARN_CONSTANT_CONVERSION = YES;
				CLANG_WARN_DIRECT_OBJC_ISA_USAGE = YES_ERROR;
				CLANG_WARN_EMPTY_BODY = YES;
				CLANG_WARN_ENUM_CONVERSION = YES;
				CLANG_WARN_INT_CONVERSION = YES;
				CLANG_WARN_OBJC_ROOT_CLASS = YES_ERROR;
				CLANG_WARN_UNREACHABLE_CODE = YES;
				CLANG_WARN__DUPLICATE_METHOD_MATCH = YES;
				"CODE_SIGN_IDENTITY[sdk=iphoneos*]" = "iPhone Developer";
				COPY_PHASE_STRIP = NO;
				DEBUG_INFORMATION_FORMAT = "dwarf-with-dsym";
				ENABLE_NS_ASSERTIONS = NO;
				ENABLE_STRICT_OBJC_MSGSEND = YES;
				GCC_C_LANGUAGE_STANDARD = gnu99;
				GCC_NO_COMMON_BLOCKS = YES;
				GCC_WARN_64_TO_32_BIT_CONVERSION = YES;
				GCC_WARN_ABOUT_RETURN_TYPE = YES_ERROR;
				GCC_WARN_UNDECLARED_SELECTOR = YES;
				GCC_WARN_UNINITIALIZED_AUTOS = YES_AGGRESSIVE;
				GCC_WARN_UNUSED_FUNCTION = YES;
				GCC_WARN_UNUSED_VARIABLE = YES;
				IPHONEOS_DEPLOYMENT_TARGET = 9.3;
				MTL_ENABLE_DEBUG_INFO = NO;
				SDKROOT = iphoneos;
				TARGETED_DEVICE_FAMILY = "1,2";
				VALIDATE_PRODUCT = YES;
			};
			name = Release;
		};
		8F50E5581DA3E195007C356F /* Debug */ = {
			isa = XCBuildConfiguration;
			baseConfigurationReference = F16FDC2C6EB9036937F1499F /* Pods-MMMSwiftAppUpdater.debug.xcconfig */;
			buildSettings = {
				ASSETCATALOG_COMPILER_APPICON_NAME = AppIcon;
				INFOPLIST_FILE = MMMSwiftAppUpdater/Info.plist;
				LD_RUNPATH_SEARCH_PATHS = "$(inherited) @executable_path/Frameworks";
				PRODUCT_BUNDLE_IDENTIFIER = com.martinpilch.MMMSwiftAppUpdater;
				PRODUCT_NAME = "$(TARGET_NAME)";
			};
			name = Debug;
		};
		8F50E5591DA3E195007C356F /* Release */ = {
			isa = XCBuildConfiguration;
			baseConfigurationReference = DACBD7AF4CB46F50B0D854AD /* Pods-MMMSwiftAppUpdater.release.xcconfig */;
			buildSettings = {
				ASSETCATALOG_COMPILER_APPICON_NAME = AppIcon;
				INFOPLIST_FILE = MMMSwiftAppUpdater/Info.plist;
				LD_RUNPATH_SEARCH_PATHS = "$(inherited) @executable_path/Frameworks";
				PRODUCT_BUNDLE_IDENTIFIER = com.martinpilch.MMMSwiftAppUpdater;
				PRODUCT_NAME = "$(TARGET_NAME)";
			};
			name = Release;
		};
/* End XCBuildConfiguration section */

/* Begin XCConfigurationList section */
		8F50E5401DA3E195007C356F /* Build configuration list for PBXProject "MMMSwiftAppUpdater" */ = {
			isa = XCConfigurationList;
			buildConfigurations = (
				8F50E5551DA3E195007C356F /* Debug */,
				8F50E5561DA3E195007C356F /* Release */,
			);
			defaultConfigurationIsVisible = 0;
			defaultConfigurationName = Release;
		};
		8F50E5571DA3E195007C356F /* Build configuration list for PBXNativeTarget "MMMSwiftAppUpdater" */ = {
			isa = XCConfigurationList;
			buildConfigurations = (
				8F50E5581DA3E195007C356F /* Debug */,
				8F50E5591DA3E195007C356F /* Release */,
			);
			defaultConfigurationIsVisible = 0;
			defaultConfigurationName = Release;
		};
/* End XCConfigurationList section */
	};
	rootObject = 8F50E53D1DA3E195007C356F /* Project object */;
}
